// !$*UTF8*$!
{
	archiveVersion = 1;
	classes = {
	};
	objectVersion = 56;
	objects = {

/* Begin PBXBuildFile section */
		1FEA5CA32BBC8A250023D38D /* Promixity_TrackerApp.swift in Sources */ = {isa = PBXBuildFile; fileRef = 1FEA5CA22BBC8A250023D38D /* Promixity_TrackerApp.swift */; };
		1FEA5CA52BBC8A250023D38D /* ContentView.swift in Sources */ = {isa = PBXBuildFile; fileRef = 1FEA5CA42BBC8A250023D38D /* ContentView.swift */; };
		1FEA5CA72BBC8A260023D38D /* Assets.xcassets in Resources */ = {isa = PBXBuildFile; fileRef = 1FEA5CA62BBC8A260023D38D /* Assets.xcassets */; };
		1FEA5CAA2BBC8A260023D38D /* Preview Assets.xcassets in Resources */ = {isa = PBXBuildFile; fileRef = 1FEA5CA92BBC8A260023D38D /* Preview Assets.xcassets */; };
		1FEA5CB42BBC8A260023D38D /* Promixity_TrackerTests.swift in Sources */ = {isa = PBXBuildFile; fileRef = 1FEA5CB32BBC8A260023D38D /* Promixity_TrackerTests.swift */; };
		1FEA5CBE2BBC8A260023D38D /* Promixity_TrackerUITests.swift in Sources */ = {isa = PBXBuildFile; fileRef = 1FEA5CBD2BBC8A260023D38D /* Promixity_TrackerUITests.swift */; };
		1FEA5CC02BBC8A260023D38D /* Promixity_TrackerUITestsLaunchTests.swift in Sources */ = {isa = PBXBuildFile; fileRef = 1FEA5CBF2BBC8A260023D38D /* Promixity_TrackerUITestsLaunchTests.swift */; };
		1FEA5CCE2BBC92FF0023D38D /* Promixity Tracker--Info.plist in Resources */ = {isa = PBXBuildFile; fileRef = 1FEA5CCD2BBC92FE0023D38D /* Promixity Tracker--Info.plist */; };
/* End PBXBuildFile section */

/* Begin PBXContainerItemProxy section */
		1FEA5CB02BBC8A260023D38D /* PBXContainerItemProxy */ = {
			isa = PBXContainerItemProxy;
			containerPortal = 1FEA5C972BBC8A250023D38D /* Project object */;
			proxyType = 1;
			remoteGlobalIDString = 1FEA5C9E2BBC8A250023D38D;
			remoteInfo = "Promixity Tracker";
		};
		1FEA5CBA2BBC8A260023D38D /* PBXContainerItemProxy */ = {
			isa = PBXContainerItemProxy;
			containerPortal = 1FEA5C972BBC8A250023D38D /* Project object */;
			proxyType = 1;
			remoteGlobalIDString = 1FEA5C9E2BBC8A250023D38D;
			remoteInfo = "Promixity Tracker";
		};
/* End PBXContainerItemProxy section */

/* Begin PBXFileReference section */
		1FEA5C9F2BBC8A250023D38D /* Promixity Tracker.app */ = {isa = PBXFileReference; explicitFileType = wrapper.application; includeInIndex = 0; path = "Promixity Tracker.app"; sourceTree = BUILT_PRODUCTS_DIR; };
		1FEA5CA22BBC8A250023D38D /* Promixity_TrackerApp.swift */ = {isa = PBXFileReference; lastKnownFileType = sourcecode.swift; path = Promixity_TrackerApp.swift; sourceTree = "<group>"; };
		1FEA5CA42BBC8A250023D38D /* ContentView.swift */ = {isa = PBXFileReference; lastKnownFileType = sourcecode.swift; path = ContentView.swift; sourceTree = "<group>"; };
		1FEA5CA62BBC8A260023D38D /* Assets.xcassets */ = {isa = PBXFileReference; lastKnownFileType = folder.assetcatalog; path = Assets.xcassets; sourceTree = "<group>"; };
		1FEA5CA92BBC8A260023D38D /* Preview Assets.xcassets */ = {isa = PBXFileReference; lastKnownFileType = folder.assetcatalog; path = "Preview Assets.xcassets"; sourceTree = "<group>"; };
		1FEA5CAF2BBC8A260023D38D /* Promixity TrackerTests.xctest */ = {isa = PBXFileReference; explicitFileType = wrapper.cfbundle; includeInIndex = 0; path = "Promixity TrackerTests.xctest"; sourceTree = BUILT_PRODUCTS_DIR; };
		1FEA5CB32BBC8A260023D38D /* Promixity_TrackerTests.swift */ = {isa = PBXFileReference; lastKnownFileType = sourcecode.swift; path = Promixity_TrackerTests.swift; sourceTree = "<group>"; };
		1FEA5CB92BBC8A260023D38D /* Promixity TrackerUITests.xctest */ = {isa = PBXFileReference; explicitFileType = wrapper.cfbundle; includeInIndex = 0; path = "Promixity TrackerUITests.xctest"; sourceTree = BUILT_PRODUCTS_DIR; };
		1FEA5CBD2BBC8A260023D38D /* Promixity_TrackerUITests.swift */ = {isa = PBXFileReference; lastKnownFileType = sourcecode.swift; path = Promixity_TrackerUITests.swift; sourceTree = "<group>"; };
		1FEA5CBF2BBC8A260023D38D /* Promixity_TrackerUITestsLaunchTests.swift */ = {isa = PBXFileReference; lastKnownFileType = sourcecode.swift; path = Promixity_TrackerUITestsLaunchTests.swift; sourceTree = "<group>"; };
		1FEA5CCC2BBC8D4B0023D38D /* Promixity Tracker (IOS).entitlements */ = {isa = PBXFileReference; lastKnownFileType = text.plist.entitlements; path = "Promixity Tracker (IOS).entitlements"; sourceTree = "<group>"; };
		1FEA5CCD2BBC92FE0023D38D /* Promixity Tracker--Info.plist */ = {isa = PBXFileReference; lastKnownFileType = text.plist.xml; path = "Promixity Tracker--Info.plist"; sourceTree = "<group>"; };
/* End PBXFileReference section */

/* Begin PBXFrameworksBuildPhase section */
		1FEA5C9C2BBC8A250023D38D /* Frameworks */ = {
			isa = PBXFrameworksBuildPhase;
			buildActionMask = 2147483647;
			files = (
			);
			runOnlyForDeploymentPostprocessing = 0;
		};
		1FEA5CAC2BBC8A260023D38D /* Frameworks */ = {
			isa = PBXFrameworksBuildPhase;
			buildActionMask = 2147483647;
			files = (
			);
			runOnlyForDeploymentPostprocessing = 0;
		};
		1FEA5CB62BBC8A260023D38D /* Frameworks */ = {
			isa = PBXFrameworksBuildPhase;
			buildActionMask = 2147483647;
			files = (
			);
			runOnlyForDeploymentPostprocessing = 0;
		};
/* End PBXFrameworksBuildPhase section */

/* Begin PBXGroup section */
		1FEA5C962BBC8A250023D38D = {
			isa = PBXGroup;
			children = (
				1FEA5CCD2BBC92FE0023D38D /* Promixity Tracker--Info.plist */,
				1FEA5CCC2BBC8D4B0023D38D /* Promixity Tracker (IOS).entitlements */,
				1FEA5CA12BBC8A250023D38D /* Promixity Tracker */,
				1FEA5CB22BBC8A260023D38D /* Promixity TrackerTests */,
				1FEA5CBC2BBC8A260023D38D /* Promixity TrackerUITests */,
				1FEA5CA02BBC8A250023D38D /* Products */,
			);
			sourceTree = "<group>";
		};
		1FEA5CA02BBC8A250023D38D /* Products */ = {
			isa = PBXGroup;
			children = (
				1FEA5C9F2BBC8A250023D38D /* Promixity Tracker.app */,
				1FEA5CAF2BBC8A260023D38D /* Promixity TrackerTests.xctest */,
				1FEA5CB92BBC8A260023D38D /* Promixity TrackerUITests.xctest */,
			);
			name = Products;
			sourceTree = "<group>";
		};
		1FEA5CA12BBC8A250023D38D /* Promixity Tracker */ = {
			isa = PBXGroup;
			children = (
				1FEA5CA22BBC8A250023D38D /* Promixity_TrackerApp.swift */,
				1FEA5CA42BBC8A250023D38D /* ContentView.swift */,
				1FEA5CA62BBC8A260023D38D /* Assets.xcassets */,
				1FEA5CA82BBC8A260023D38D /* Preview Content */,
			);
			path = "Promixity Tracker";
			sourceTree = "<group>";
		};
		1FEA5CA82BBC8A260023D38D /* Preview Content */ = {
			isa = PBXGroup;
			children = (
				1FEA5CA92BBC8A260023D38D /* Preview Assets.xcassets */,
			);
			path = "Preview Content";
			sourceTree = "<group>";
		};
		1FEA5CB22BBC8A260023D38D /* Promixity TrackerTests */ = {
			isa = PBXGroup;
			children = (
				1FEA5CB32BBC8A260023D38D /* Promixity_TrackerTests.swift */,
			);
			path = "Promixity TrackerTests";
			sourceTree = "<group>";
		};
		1FEA5CBC2BBC8A260023D38D /* Promixity TrackerUITests */ = {
			isa = PBXGroup;
			children = (
				1FEA5CBD2BBC8A260023D38D /* Promixity_TrackerUITests.swift */,
				1FEA5CBF2BBC8A260023D38D /* Promixity_TrackerUITestsLaunchTests.swift */,
			);
			path = "Promixity TrackerUITests";
			sourceTree = "<group>";
		};
/* End PBXGroup section */

/* Begin PBXNativeTarget section */
		1FEA5C9E2BBC8A250023D38D /* Promixity Tracker */ = {
			isa = PBXNativeTarget;
			buildConfigurationList = 1FEA5CC32BBC8A260023D38D /* Build configuration list for PBXNativeTarget "Promixity Tracker" */;
			buildPhases = (
				1FEA5C9B2BBC8A250023D38D /* Sources */,
				1FEA5C9C2BBC8A250023D38D /* Frameworks */,
				1FEA5C9D2BBC8A250023D38D /* Resources */,
			);
			buildRules = (
			);
			dependencies = (
			);
			name = "Promixity Tracker";
			productName = "Promixity Tracker";
			productReference = 1FEA5C9F2BBC8A250023D38D /* Promixity Tracker.app */;
			productType = "com.apple.product-type.application";
		};
		1FEA5CAE2BBC8A260023D38D /* Promixity TrackerTests */ = {
			isa = PBXNativeTarget;
			buildConfigurationList = 1FEA5CC62BBC8A260023D38D /* Build configuration list for PBXNativeTarget "Promixity TrackerTests" */;
			buildPhases = (
				1FEA5CAB2BBC8A260023D38D /* Sources */,
				1FEA5CAC2BBC8A260023D38D /* Frameworks */,
				1FEA5CAD2BBC8A260023D38D /* Resources */,
			);
			buildRules = (
			);
			dependencies = (
				1FEA5CB12BBC8A260023D38D /* PBXTargetDependency */,
			);
			name = "Promixity TrackerTests";
			productName = "Promixity TrackerTests";
			productReference = 1FEA5CAF2BBC8A260023D38D /* Promixity TrackerTests.xctest */;
			productType = "com.apple.product-type.bundle.unit-test";
		};
		1FEA5CB82BBC8A260023D38D /* Promixity TrackerUITests */ = {
			isa = PBXNativeTarget;
			buildConfigurationList = 1FEA5CC92BBC8A260023D38D /* Build configuration list for PBXNativeTarget "Promixity TrackerUITests" */;
			buildPhases = (
				1FEA5CB52BBC8A260023D38D /* Sources */,
				1FEA5CB62BBC8A260023D38D /* Frameworks */,
				1FEA5CB72BBC8A260023D38D /* Resources */,
			);
			buildRules = (
			);
			dependencies = (
				1FEA5CBB2BBC8A260023D38D /* PBXTargetDependency */,
			);
			name = "Promixity TrackerUITests";
			productName = "Promixity TrackerUITests";
			productReference = 1FEA5CB92BBC8A260023D38D /* Promixity TrackerUITests.xctest */;
			productType = "com.apple.product-type.bundle.ui-testing";
		};
/* End PBXNativeTarget section */

/* Begin PBXProject section */
		1FEA5C972BBC8A250023D38D /* Project object */ = {
			isa = PBXProject;
			attributes = {
				BuildIndependentTargetsInParallel = 1;
				LastSwiftUpdateCheck = 1520;
				LastUpgradeCheck = 1520;
				TargetAttributes = {
					1FEA5C9E2BBC8A250023D38D = {
						CreatedOnToolsVersion = 15.2;
					};
					1FEA5CAE2BBC8A260023D38D = {
						CreatedOnToolsVersion = 15.2;
						TestTargetID = 1FEA5C9E2BBC8A250023D38D;
					};
					1FEA5CB82BBC8A260023D38D = {
						CreatedOnToolsVersion = 15.2;
						TestTargetID = 1FEA5C9E2BBC8A250023D38D;
					};
				};
			};
			buildConfigurationList = 1FEA5C9A2BBC8A250023D38D /* Build configuration list for PBXProject "Promixity Tracker" */;
			compatibilityVersion = "Xcode 14.0";
			developmentRegion = en;
			hasScannedForEncodings = 0;
			knownRegions = (
				en,
				Base,
			);
			mainGroup = 1FEA5C962BBC8A250023D38D;
			productRefGroup = 1FEA5CA02BBC8A250023D38D /* Products */;
			projectDirPath = "";
			projectRoot = "";
			targets = (
				1FEA5C9E2BBC8A250023D38D /* Promixity Tracker */,
				1FEA5CAE2BBC8A260023D38D /* Promixity TrackerTests */,
				1FEA5CB82BBC8A260023D38D /* Promixity TrackerUITests */,
			);
		};
/* End PBXProject section */

/* Begin PBXResourcesBuildPhase section */
		1FEA5C9D2BBC8A250023D38D /* Resources */ = {
			isa = PBXResourcesBuildPhase;
			buildActionMask = 2147483647;
			files = (
				1FEA5CCE2BBC92FF0023D38D /* Promixity Tracker--Info.plist in Resources */,
				1FEA5CAA2BBC8A260023D38D /* Preview Assets.xcassets in Resources */,
				1FEA5CA72BBC8A260023D38D /* Assets.xcassets in Resources */,
			);
			runOnlyForDeploymentPostprocessing = 0;
		};
		1FEA5CAD2BBC8A260023D38D /* Resources */ = {
			isa = PBXResourcesBuildPhase;
			buildActionMask = 2147483647;
			files = (
			);
			runOnlyForDeploymentPostprocessing = 0;
		};
		1FEA5CB72BBC8A260023D38D /* Resources */ = {
			isa = PBXResourcesBuildPhase;
			buildActionMask = 2147483647;
			files = (
			);
			runOnlyForDeploymentPostprocessing = 0;
		};
/* End PBXResourcesBuildPhase section */

/* Begin PBXSourcesBuildPhase section */
		1FEA5C9B2BBC8A250023D38D /* Sources */ = {
			isa = PBXSourcesBuildPhase;
			buildActionMask = 2147483647;
			files = (
				1FEA5CA52BBC8A250023D38D /* ContentView.swift in Sources */,
				1FEA5CA32BBC8A250023D38D /* Promixity_TrackerApp.swift in Sources */,
			);
			runOnlyForDeploymentPostprocessing = 0;
		};
		1FEA5CAB2BBC8A260023D38D /* Sources */ = {
			isa = PBXSourcesBuildPhase;
			buildActionMask = 2147483647;
			files = (
				1FEA5CB42BBC8A260023D38D /* Promixity_TrackerTests.swift in Sources */,
			);
			runOnlyForDeploymentPostprocessing = 0;
		};
		1FEA5CB52BBC8A260023D38D /* Sources */ = {
			isa = PBXSourcesBuildPhase;
			buildActionMask = 2147483647;
			files = (
				1FEA5CBE2BBC8A260023D38D /* Promixity_TrackerUITests.swift in Sources */,
				1FEA5CC02BBC8A260023D38D /* Promixity_TrackerUITestsLaunchTests.swift in Sources */,
			);
			runOnlyForDeploymentPostprocessing = 0;
		};
/* End PBXSourcesBuildPhase section */

/* Begin PBXTargetDependency section */
		1FEA5CB12BBC8A260023D38D /* PBXTargetDependency */ = {
			isa = PBXTargetDependency;
			target = 1FEA5C9E2BBC8A250023D38D /* Promixity Tracker */;
			targetProxy = 1FEA5CB02BBC8A260023D38D /* PBXContainerItemProxy */;
		};
		1FEA5CBB2BBC8A260023D38D /* PBXTargetDependency */ = {
			isa = PBXTargetDependency;
			target = 1FEA5C9E2BBC8A250023D38D /* Promixity Tracker */;
			targetProxy = 1FEA5CBA2BBC8A260023D38D /* PBXContainerItemProxy */;
		};
/* End PBXTargetDependency section */

/* Begin XCBuildConfiguration section */
		1FEA5CC12BBC8A260023D38D /* Debug */ = {
			isa = XCBuildConfiguration;
			buildSettings = {
				ALWAYS_SEARCH_USER_PATHS = NO;
				ASSETCATALOG_COMPILER_GENERATE_SWIFT_ASSET_SYMBOL_EXTENSIONS = YES;
				CLANG_ANALYZER_NONNULL = YES;
				CLANG_ANALYZER_NUMBER_OBJECT_CONVERSION = YES_AGGRESSIVE;
				CLANG_CXX_LANGUAGE_STANDARD = "gnu++20";
				CLANG_ENABLE_MODULES = YES;
				CLANG_ENABLE_OBJC_ARC = YES;
				CLANG_ENABLE_OBJC_WEAK = YES;
				CLANG_WARN_BLOCK_CAPTURE_AUTORELEASING = YES;
				CLANG_WARN_BOOL_CONVERSION = YES;
				CLANG_WARN_COMMA = YES;
				CLANG_WARN_CONSTANT_CONVERSION = YES;
				CLANG_WARN_DEPRECATED_OBJC_IMPLEMENTATIONS = YES;
				CLANG_WARN_DIRECT_OBJC_ISA_USAGE = YES_ERROR;
				CLANG_WARN_DOCUMENTATION_COMMENTS = YES;
				CLANG_WARN_EMPTY_BODY = YES;
				CLANG_WARN_ENUM_CONVERSION = YES;
				CLANG_WARN_INFINITE_RECURSION = YES;
				CLANG_WARN_INT_CONVERSION = YES;
				CLANG_WARN_NON_LITERAL_NULL_CONVERSION = YES;
				CLANG_WARN_OBJC_IMPLICIT_RETAIN_SELF = YES;
				CLANG_WARN_OBJC_LITERAL_CONVERSION = YES;
				CLANG_WARN_OBJC_ROOT_CLASS = YES_ERROR;
				CLANG_WARN_QUOTED_INCLUDE_IN_FRAMEWORK_HEADER = YES;
				CLANG_WARN_RANGE_LOOP_ANALYSIS = YES;
				CLANG_WARN_STRICT_PROTOTYPES = YES;
				CLANG_WARN_SUSPICIOUS_MOVE = YES;
				CLANG_WARN_UNGUARDED_AVAILABILITY = YES_AGGRESSIVE;
				CLANG_WARN_UNREACHABLE_CODE = YES;
				CLANG_WARN__DUPLICATE_METHOD_MATCH = YES;
				COPY_PHASE_STRIP = NO;
				DEBUG_INFORMATION_FORMAT = dwarf;
				ENABLE_STRICT_OBJC_MSGSEND = YES;
				ENABLE_TESTABILITY = YES;
				ENABLE_USER_SCRIPT_SANDBOXING = YES;
				GCC_C_LANGUAGE_STANDARD = gnu17;
				GCC_DYNAMIC_NO_PIC = NO;
				GCC_NO_COMMON_BLOCKS = YES;
				GCC_OPTIMIZATION_LEVEL = 0;
				GCC_PREPROCESSOR_DEFINITIONS = (
					"DEBUG=1",
					"$(inherited)",
				);
				GCC_WARN_64_TO_32_BIT_CONVERSION = YES;
				GCC_WARN_ABOUT_RETURN_TYPE = YES_ERROR;
				GCC_WARN_UNDECLARED_SELECTOR = YES;
				GCC_WARN_UNINITIALIZED_AUTOS = YES_AGGRESSIVE;
				GCC_WARN_UNUSED_FUNCTION = YES;
				GCC_WARN_UNUSED_VARIABLE = YES;
				IPHONEOS_DEPLOYMENT_TARGET = 17.2;
				LOCALIZATION_PREFERS_STRING_CATALOGS = YES;
				MTL_ENABLE_DEBUG_INFO = INCLUDE_SOURCE;
				MTL_FAST_MATH = YES;
				ONLY_ACTIVE_ARCH = YES;
				SDKROOT = iphoneos;
				SWIFT_ACTIVE_COMPILATION_CONDITIONS = "DEBUG $(inherited)";
				SWIFT_OPTIMIZATION_LEVEL = "-Onone";
			};
			name = Debug;
		};
		1FEA5CC22BBC8A260023D38D /* Release */ = {
			isa = XCBuildConfiguration;
			buildSettings = {
				ALWAYS_SEARCH_USER_PATHS = NO;
				ASSETCATALOG_COMPILER_GENERATE_SWIFT_ASSET_SYMBOL_EXTENSIONS = YES;
				CLANG_ANALYZER_NONNULL = YES;
				CLANG_ANALYZER_NUMBER_OBJECT_CONVERSION = YES_AGGRESSIVE;
				CLANG_CXX_LANGUAGE_STANDARD = "gnu++20";
				CLANG_ENABLE_MODULES = YES;
				CLANG_ENABLE_OBJC_ARC = YES;
				CLANG_ENABLE_OBJC_WEAK = YES;
				CLANG_WARN_BLOCK_CAPTURE_AUTORELEASING = YES;
				CLANG_WARN_BOOL_CONVERSION = YES;
				CLANG_WARN_COMMA = YES;
				CLANG_WARN_CONSTANT_CONVERSION = YES;
				CLANG_WARN_DEPRECATED_OBJC_IMPLEMENTATIONS = YES;
				CLANG_WARN_DIRECT_OBJC_ISA_USAGE = YES_ERROR;
				CLANG_WARN_DOCUMENTATION_COMMENTS = YES;
				CLANG_WARN_EMPTY_BODY = YES;
				CLANG_WARN_ENUM_CONVERSION = YES;
				CLANG_WARN_INFINITE_RECURSION = YES;
				CLANG_WARN_INT_CONVERSION = YES;
				CLANG_WARN_NON_LITERAL_NULL_CONVERSION = YES;
				CLANG_WARN_OBJC_IMPLICIT_RETAIN_SELF = YES;
				CLANG_WARN_OBJC_LITERAL_CONVERSION = YES;
				CLANG_WARN_OBJC_ROOT_CLASS = YES_ERROR;
				CLANG_WARN_QUOTED_INCLUDE_IN_FRAMEWORK_HEADER = YES;
				CLANG_WARN_RANGE_LOOP_ANALYSIS = YES;
				CLANG_WARN_STRICT_PROTOTYPES = YES;
				CLANG_WARN_SUSPICIOUS_MOVE = YES;
				CLANG_WARN_UNGUARDED_AVAILABILITY = YES_AGGRESSIVE;
				CLANG_WARN_UNREACHABLE_CODE = YES;
				CLANG_WARN__DUPLICATE_METHOD_MATCH = YES;
				COPY_PHASE_STRIP = NO;
				DEBUG_INFORMATION_FORMAT = "dwarf-with-dsym";
				ENABLE_NS_ASSERTIONS = NO;
				ENABLE_STRICT_OBJC_MSGSEND = YES;
				ENABLE_USER_SCRIPT_SANDBOXING = YES;
				GCC_C_LANGUAGE_STANDARD = gnu17;
				GCC_NO_COMMON_BLOCKS = YES;
				GCC_WARN_64_TO_32_BIT_CONVERSION = YES;
				GCC_WARN_ABOUT_RETURN_TYPE = YES_ERROR;
				GCC_WARN_UNDECLARED_SELECTOR = YES;
				GCC_WARN_UNINITIALIZED_AUTOS = YES_AGGRESSIVE;
				GCC_WARN_UNUSED_FUNCTION = YES;
				GCC_WARN_UNUSED_VARIABLE = YES;
				IPHONEOS_DEPLOYMENT_TARGET = 17.2;
				LOCALIZATION_PREFERS_STRING_CATALOGS = YES;
				MTL_ENABLE_DEBUG_INFO = NO;
				MTL_FAST_MATH = YES;
				SDKROOT = iphoneos;
				SWIFT_COMPILATION_MODE = wholemodule;
				VALIDATE_PRODUCT = YES;
			};
			name = Release;
		};
		1FEA5CC42BBC8A260023D38D /* Debug */ = {
			isa = XCBuildConfiguration;
			buildSettings = {
				ASSETCATALOG_COMPILER_APPICON_NAME = AppIcon;
				ASSETCATALOG_COMPILER_GLOBAL_ACCENT_COLOR_NAME = AccentColor;
				CODE_SIGN_ENTITLEMENTS = "Promixity Tracker (IOS).entitlements";
				CODE_SIGN_STYLE = Automatic;
				CURRENT_PROJECT_VERSION = 1;
				DEVELOPMENT_ASSET_PATHS = "\"Promixity Tracker/Preview Content\"";
				DEVELOPMENT_TEAM = R4ZV87846Y;
				ENABLE_PREVIEWS = YES;
				GENERATE_INFOPLIST_FILE = YES;
				INFOPLIST_FILE = "Promixity Tracker--Info.plist";
				INFOPLIST_KEY_LSApplicationCategoryType = "public.app-category.utilities";
				INFOPLIST_KEY_NFCReaderUsageDescription = "Please select access to NFC to scan the NFC chip build into some trackers.";
				INFOPLIST_KEY_NSAppleEventsUsageDescription = "To scan for trackers, you need to allow acess to Bluetooth";
				INFOPLIST_KEY_NSLocationAlwaysAndWhenInUseUsageDescription = "Please choose \"Always\" for enchanced background tracking.";
				INFOPLIST_KEY_NSLocationAlwaysUsageDescription = "Please choose \"Always\" for enchanced background tracking.";
				INFOPLIST_KEY_UIApplicationSceneManifest_Generation = NO;
				INFOPLIST_KEY_UIApplicationSupportsIndirectInputEvents = NO;
				INFOPLIST_KEY_UILaunchScreen_Generation = YES;
				INFOPLIST_KEY_UISupportedInterfaceOrientations = UIInterfaceOrientationPortrait;
				INFOPLIST_KEY_UISupportedInterfaceOrientations_iPad = "UIInterfaceOrientationLandscapeLeft UIInterfaceOrientationLandscapeRight UIInterfaceOrientationPortrait UIInterfaceOrientationPortraitUpsideDown";
				INFOPLIST_KEY_UISupportedInterfaceOrientations_iPhone = UIInterfaceOrientationPortrait;
				LD_RUNPATH_SEARCH_PATHS = (
					"$(inherited)",
					"@executable_path/Frameworks",
				);
				LOCALIZATION_PREFERS_STRING_CATALOGS = NO;
				MARKETING_VERSION = 1.0;
				PRODUCT_BUNDLE_IDENTIFIER = "com.fgcu.capstone.Promixity-Tracker";
				PRODUCT_NAME = "$(TARGET_NAME)";
				SUPPORTED_PLATFORMS = "iphoneos iphonesimulator";
				SUPPORTS_MACCATALYST = NO;
				SUPPORTS_MAC_DESIGNED_FOR_IPHONE_IPAD = NO;
				SUPPORTS_XR_DESIGNED_FOR_IPHONE_IPAD = NO;
				SWIFT_EMIT_LOC_STRINGS = YES;
				SWIFT_VERSION = 5.0;
				TARGETED_DEVICE_FAMILY = 1;
			};
			name = Debug;
		};
		1FEA5CC52BBC8A260023D38D /* Release */ = {
			isa = XCBuildConfiguration;
			buildSettings = {
				ASSETCATALOG_COMPILER_APPICON_NAME = AppIcon;
				ASSETCATALOG_COMPILER_GLOBAL_ACCENT_COLOR_NAME = AccentColor;
				CODE_SIGN_ENTITLEMENTS = "Promixity Tracker (IOS).entitlements";
				CODE_SIGN_STYLE = Automatic;
				CURRENT_PROJECT_VERSION = 1;
				DEVELOPMENT_ASSET_PATHS = "\"Promixity Tracker/Preview Content\"";
				DEVELOPMENT_TEAM = R4ZV87846Y;
				ENABLE_PREVIEWS = YES;
				GENERATE_INFOPLIST_FILE = YES;
				INFOPLIST_FILE = "Promixity Tracker--Info.plist";
				INFOPLIST_KEY_LSApplicationCategoryType = "public.app-category.utilities";
				INFOPLIST_KEY_NFCReaderUsageDescription = "Please select access to NFC to scan the NFC chip build into some trackers.";
				INFOPLIST_KEY_NSAppleEventsUsageDescription = "To scan for trackers, you need to allow acess to Bluetooth";
				INFOPLIST_KEY_NSLocationAlwaysAndWhenInUseUsageDescription = "Please choose \"Always\" for enchanced background tracking.";
				INFOPLIST_KEY_NSLocationAlwaysUsageDescription = "Please choose \"Always\" for enchanced background tracking.";
				INFOPLIST_KEY_UIApplicationSceneManifest_Generation = NO;
				INFOPLIST_KEY_UIApplicationSupportsIndirectInputEvents = NO;
				INFOPLIST_KEY_UILaunchScreen_Generation = YES;
				INFOPLIST_KEY_UISupportedInterfaceOrientations = UIInterfaceOrientationPortrait;
				INFOPLIST_KEY_UISupportedInterfaceOrientations_iPad = "UIInterfaceOrientationLandscapeLeft UIInterfaceOrientationLandscapeRight UIInterfaceOrientationPortrait UIInterfaceOrientationPortraitUpsideDown";
				INFOPLIST_KEY_UISupportedInterfaceOrientations_iPhone = UIInterfaceOrientationPortrait;
				LD_RUNPATH_SEARCH_PATHS = (
					"$(inherited)",
					"@executable_path/Frameworks",
				);
				LOCALIZATION_PREFERS_STRING_CATALOGS = NO;
				MARKETING_VERSION = 1.0;
				PRODUCT_BUNDLE_IDENTIFIER = "com.fgcu.capstone.Promixity-Tracker";
				PRODUCT_NAME = "$(TARGET_NAME)";
				SUPPORTED_PLATFORMS = "iphoneos iphonesimulator";
				SUPPORTS_MACCATALYST = NO;
				SUPPORTS_MAC_DESIGNED_FOR_IPHONE_IPAD = NO;
				SUPPORTS_XR_DESIGNED_FOR_IPHONE_IPAD = NO;
				SWIFT_EMIT_LOC_STRINGS = YES;
				SWIFT_VERSION = 5.0;
				TARGETED_DEVICE_FAMILY = 1;
			};
			name = Release;
		};
		1FEA5CC72BBC8A260023D38D /* Debug */ = {
			isa = XCBuildConfiguration;
			buildSettings = {
				ALWAYS_EMBED_SWIFT_STANDARD_LIBRARIES = YES;
				BUNDLE_LOADER = "$(TEST_HOST)";
				CODE_SIGN_STYLE = Automatic;
				CURRENT_PROJECT_VERSION = 1;
				DEVELOPMENT_TEAM = R4ZV87846Y;
				GENERATE_INFOPLIST_FILE = YES;
				IPHONEOS_DEPLOYMENT_TARGET = 17.2;
				MARKETING_VERSION = 1.0;
				PRODUCT_BUNDLE_IDENTIFIER = "com.fgcu.capstone.Promixity-TrackerTests";
				PRODUCT_NAME = "$(TARGET_NAME)";
				SUPPORTED_PLATFORMS = "iphoneos iphonesimulator";
				SUPPORTS_MACCATALYST = NO;
				SUPPORTS_MAC_DESIGNED_FOR_IPHONE_IPAD = NO;
				SUPPORTS_XR_DESIGNED_FOR_IPHONE_IPAD = NO;
				SWIFT_EMIT_LOC_STRINGS = NO;
				SWIFT_VERSION = 5.0;
				TARGETED_DEVICE_FAMILY = "1,2";
				TEST_HOST = "$(BUILT_PRODUCTS_DIR)/Promixity Tracker.app/$(BUNDLE_EXECUTABLE_FOLDER_PATH)/Promixity Tracker";
			};
			name = Debug;
		};
		1FEA5CC82BBC8A260023D38D /* Release */ = {
			isa = XCBuildConfiguration;
			buildSettings = {
				ALWAYS_EMBED_SWIFT_STANDARD_LIBRARIES = YES;
				BUNDLE_LOADER = "$(TEST_HOST)";
				CODE_SIGN_STYLE = Automatic;
				CURRENT_PROJECT_VERSION = 1;
				DEVELOPMENT_TEAM = R4ZV87846Y;
				GENERATE_INFOPLIST_FILE = YES;
				IPHONEOS_DEPLOYMENT_TARGET = 17.2;
				MARKETING_VERSION = 1.0;
				PRODUCT_BUNDLE_IDENTIFIER = "com.fgcu.capstone.Promixity-TrackerTests";
				PRODUCT_NAME = "$(TARGET_NAME)";
				SUPPORTED_PLATFORMS = "iphoneos iphonesimulator";
				SUPPORTS_MACCATALYST = NO;
				SUPPORTS_MAC_DESIGNED_FOR_IPHONE_IPAD = NO;
				SUPPORTS_XR_DESIGNED_FOR_IPHONE_IPAD = NO;
				SWIFT_EMIT_LOC_STRINGS = NO;
				SWIFT_VERSION = 5.0;
				TARGETED_DEVICE_FAMILY = "1,2";
				TEST_HOST = "$(BUILT_PRODUCTS_DIR)/Promixity Tracker.app/$(BUNDLE_EXECUTABLE_FOLDER_PATH)/Promixity Tracker";
			};
			name = Release;
		};
		1FEA5CCA2BBC8A260023D38D /* Debug */ = {
			isa = XCBuildConfiguration;
			buildSettings = {
				ALWAYS_EMBED_SWIFT_STANDARD_LIBRARIES = YES;
				CODE_SIGN_STYLE = Automatic;
				CURRENT_PROJECT_VERSION = 1;
				DEVELOPMENT_TEAM = R4ZV87846Y;
				GENERATE_INFOPLIST_FILE = YES;
				MARKETING_VERSION = 1.0;
				PRODUCT_BUNDLE_IDENTIFIER = "com.fgcu.capstone.Promixity-TrackerUITests";
				PRODUCT_NAME = "$(TARGET_NAME)";
				SUPPORTED_PLATFORMS = "iphoneos iphonesimulator";
				SUPPORTS_MACCATALYST = NO;
				SUPPORTS_MAC_DESIGNED_FOR_IPHONE_IPAD = NO;
				SUPPORTS_XR_DESIGNED_FOR_IPHONE_IPAD = NO;
				SWIFT_EMIT_LOC_STRINGS = NO;
				SWIFT_VERSION = 5.0;
				TARGETED_DEVICE_FAMILY = "1,2";
				TEST_TARGET_NAME = "Promixity Tracker";
			};
			name = Debug;
		};
		1FEA5CCB2BBC8A260023D38D /* Release */ = {
			isa = XCBuildConfiguration;
			buildSettings = {
				ALWAYS_EMBED_SWIFT_STANDARD_LIBRARIES = YES;
				CODE_SIGN_STYLE = Automatic;
				CURRENT_PROJECT_VERSION = 1;
				DEVELOPMENT_TEAM = R4ZV87846Y;
				GENERATE_INFOPLIST_FILE = YES;
				MARKETING_VERSION = 1.0;
				PRODUCT_BUNDLE_IDENTIFIER = "com.fgcu.capstone.Promixity-TrackerUITests";
				PRODUCT_NAME = "$(TARGET_NAME)";
				SUPPORTED_PLATFORMS = "iphoneos iphonesimulator";
				SUPPORTS_MACCATALYST = NO;
				SUPPORTS_MAC_DESIGNED_FOR_IPHONE_IPAD = NO;
				SUPPORTS_XR_DESIGNED_FOR_IPHONE_IPAD = NO;
				SWIFT_EMIT_LOC_STRINGS = NO;
				SWIFT_VERSION = 5.0;
				TARGETED_DEVICE_FAMILY = "1,2";
				TEST_TARGET_NAME = "Promixity Tracker";
			};
			name = Release;
		};
/* End XCBuildConfiguration section */

/* Begin XCConfigurationList section */
		1FEA5C9A2BBC8A250023D38D /* Build configuration list for PBXProject "Promixity Tracker" */ = {
			isa = XCConfigurationList;
			buildConfigurations = (
				1FEA5CC12BBC8A260023D38D /* Debug */,
				1FEA5CC22BBC8A260023D38D /* Release */,
			);
			defaultConfigurationIsVisible = 0;
			defaultConfigurationName = Release;
		};
		1FEA5CC32BBC8A260023D38D /* Build configuration list for PBXNativeTarget "Promixity Tracker" */ = {
			isa = XCConfigurationList;
			buildConfigurations = (
				1FEA5CC42BBC8A260023D38D /* Debug */,
				1FEA5CC52BBC8A260023D38D /* Release */,
			);
			defaultConfigurationIsVisible = 0;
			defaultConfigurationName = Release;
		};
		1FEA5CC62BBC8A260023D38D /* Build configuration list for PBXNativeTarget "Promixity TrackerTests" */ = {
			isa = XCConfigurationList;
			buildConfigurations = (
				1FEA5CC72BBC8A260023D38D /* Debug */,
				1FEA5CC82BBC8A260023D38D /* Release */,
			);
			defaultConfigurationIsVisible = 0;
			defaultConfigurationName = Release;
		};
		1FEA5CC92BBC8A260023D38D /* Build configuration list for PBXNativeTarget "Promixity TrackerUITests" */ = {
			isa = XCConfigurationList;
			buildConfigurations = (
				1FEA5CCA2BBC8A260023D38D /* Debug */,
				1FEA5CCB2BBC8A260023D38D /* Release */,
			);
			defaultConfigurationIsVisible = 0;
			defaultConfigurationName = Release;
		};
/* End XCConfigurationList section */
	};
	rootObject = 1FEA5C972BBC8A250023D38D /* Project object */;
}
